
Microsoft Visual Studio Solution File, Format Version 12.00
# Visual Studio 15
VisualStudioVersion = 15.0.27130.2036
MinimumVisualStudioVersion = 10.0.40219.1
Project("{2150E333-8FDC-42A3-9474-1A3956D46DE8}") = "1.Presentation Layer", "1.Presentation Layer", "{4301870E-0F57-45F3-B538-5C210064579C}"
EndProject
Project("{2150E333-8FDC-42A3-9474-1A3956D46DE8}") = "2.Distributed Services Layer", "2.Distributed Services Layer", "{79F80E70-D5F0-47BA-BF09-7355B7CABCEE}"
EndProject
Project("{2150E333-8FDC-42A3-9474-1A3956D46DE8}") = "4.Domain Layer", "4.Domain Layer", "{C672ECB5-CA7E-435F-920C-C2A32E956FEC}"
EndProject
Project("{2150E333-8FDC-42A3-9474-1A3956D46DE8}") = "5.Infrastructure", "5.Infrastructure", "{13BB079E-3BDA-4FB1-B7D9-67B8FEDE4924}"
EndProject
Project("{2150E333-8FDC-42A3-9474-1A3956D46DE8}") = "6.DataBase Layer", "6.DataBase Layer", "{F27E9882-6363-4FC3-83DD-6814B7872CE3}"
EndProject
Project("{2150E333-8FDC-42A3-9474-1A3956D46DE8}") = "Tests", "Tests", "{B2D8AEA5-D099-4530-B609-07CE2DFF4FF6}"
EndProject
Project("{2150E333-8FDC-42A3-9474-1A3956D46DE8}") = "3.Application Layer", "3.Application Layer", "{2AB8AB2E-C23E-4235-A016-238EA336164A}"
EndProject
Project("{FAE04EC0-301F-11D3-BF4B-00C04F79EFBC}") = "Projeto_NFe.Domain", "Projeto_NFe.Domain\Projeto_NFe.Domain.csproj", "{AB54D085-A223-42BE-8A26-7C187304FC6B}"
EndProject
Project("{FAE04EC0-301F-11D3-BF4B-00C04F79EFBC}") = "Projeto_NFe.Infra", "Projeto_NFe.Infra\Projeto_NFe.Infra.csproj", "{191C65CB-70E4-4F35-A262-78CD62C66425}"
EndProject
Project("{FAE04EC0-301F-11D3-BF4B-00C04F79EFBC}") = "Projeto_NFe.Infra.Data", "Projeto_NFe.Infra.Data\Projeto_NFe.Infra.Data.csproj", "{00A16122-DDCA-4349-AFFC-2946AF343095}"
EndProject
Project("{FAE04EC0-301F-11D3-BF4B-00C04F79EFBC}") = "Projeto_NFe.Common.Tests", "Projeto_NFe.Common.Tests\Projeto_NFe.Common.Tests.csproj", "{B0026137-68D2-4365-BFFA-39218E0C7CD0}"
EndProject
Project("{FAE04EC0-301F-11D3-BF4B-00C04F79EFBC}") = "Projeto_NFe.Domain.Tests", "Projeto_NFe.Domain.Tests\Projeto_NFe.Domain.Tests.csproj", "{C4F66818-74C1-4A77-A7BF-2362E47231CE}"
EndProject
Project("{FAE04EC0-301F-11D3-BF4B-00C04F79EFBC}") = "Projeto_NFe.Infra.Tests", "Projeto_NFe.Infra.Tests\Projeto_NFe.Infra.Tests.csproj", "{D89986A1-2C29-4A74-A993-5019CC483BB2}"
EndProject
Project("{FAE04EC0-301F-11D3-BF4B-00C04F79EFBC}") = "Projeto_NFe.Infra.Data.Tests", "Projeto_NFe.Infra.Data.Tests\Projeto_NFe.Infra.Data.Tests.csproj", "{C7BFF028-511C-431E-9BA0-7862BA62A3FF}"
EndProject
Project("{FAE04EC0-301F-11D3-BF4B-00C04F79EFBC}") = "Projeto_NFe.Application.Tests", "Projeto_NFe.Application.Test\Projeto_NFe.Application.Tests.csproj", "{C5AC2570-A9CC-4A32-B232-ABAD76C2B4C2}"
EndProject
Project("{00D1A9C2-B5F0-4AF3-8072-F6C62B433612}") = "DBProjetoNFe", "DBProjetoNFe\DBProjetoNFe.sqlproj", "{1B2E5D58-A9D4-42D3-807E-FF15AA423023}"
EndProject
Project("{FAE04EC0-301F-11D3-BF4B-00C04F79EFBC}") = "Projeto_NFe.Application", "Projeto_NFe.Application\Projeto_NFe.Application.csproj", "{E3631808-ADC9-4C33-A447-8C49193308A5}"
EndProject
Project("{FAE04EC0-301F-11D3-BF4B-00C04F79EFBC}") = "Projeto_NFe.Integration.Tests", "Projeto_NFe.Integration.Tests\Projeto_NFe.Integration.Tests.csproj", "{1465E845-D71D-4469-974E-7AB1DD4A56FE}"
EndProject
Project("{FAE04EC0-301F-11D3-BF4B-00C04F79EFBC}") = "Projeto_NFe.Infra.XML", "Projeto_NFe.Infra.XML\Projeto_NFe.Infra.XML.csproj", "{CFF52C94-374D-461F-8FC0-7B9F94F50ECB}"
EndProject
Project("{FAE04EC0-301F-11D3-BF4B-00C04F79EFBC}") = "Projeto_NFe.infra.XML.Tests", "Projeto_NFe.infra.XML.Tests\Projeto_NFe.infra.XML.Tests.csproj", "{2C1F56B3-3098-4DBD-BF67-3CE1A4AEBFAB}"
EndProject
Global
	GlobalSection(SolutionConfigurationPlatforms) = preSolution
		Debug|Any CPU = Debug|Any CPU
		Release|Any CPU = Release|Any CPU
	EndGlobalSection
	GlobalSection(ProjectConfigurationPlatforms) = postSolution
		{AB54D085-A223-42BE-8A26-7C187304FC6B}.Debug|Any CPU.ActiveCfg = Debug|Any CPU
		{AB54D085-A223-42BE-8A26-7C187304FC6B}.Debug|Any CPU.Build.0 = Debug|Any CPU
		{AB54D085-A223-42BE-8A26-7C187304FC6B}.Release|Any CPU.ActiveCfg = Release|Any CPU
		{AB54D085-A223-42BE-8A26-7C187304FC6B}.Release|Any CPU.Build.0 = Release|Any CPU
		{191C65CB-70E4-4F35-A262-78CD62C66425}.Debug|Any CPU.ActiveCfg = Debug|Any CPU
		{191C65CB-70E4-4F35-A262-78CD62C66425}.Debug|Any CPU.Build.0 = Debug|Any CPU
		{191C65CB-70E4-4F35-A262-78CD62C66425}.Release|Any CPU.ActiveCfg = Release|Any CPU
		{191C65CB-70E4-4F35-A262-78CD62C66425}.Release|Any CPU.Build.0 = Release|Any CPU
		{00A16122-DDCA-4349-AFFC-2946AF343095}.Debug|Any CPU.ActiveCfg = Debug|Any CPU
		{00A16122-DDCA-4349-AFFC-2946AF343095}.Debug|Any CPU.Build.0 = Debug|Any CPU
		{00A16122-DDCA-4349-AFFC-2946AF343095}.Release|Any CPU.ActiveCfg = Release|Any CPU
		{00A16122-DDCA-4349-AFFC-2946AF343095}.Release|Any CPU.Build.0 = Release|Any CPU
		{B0026137-68D2-4365-BFFA-39218E0C7CD0}.Debug|Any CPU.ActiveCfg = Debug|Any CPU
		{B0026137-68D2-4365-BFFA-39218E0C7CD0}.Debug|Any CPU.Build.0 = Debug|Any CPU
		{B0026137-68D2-4365-BFFA-39218E0C7CD0}.Release|Any CPU.ActiveCfg = Release|Any CPU
		{B0026137-68D2-4365-BFFA-39218E0C7CD0}.Release|Any CPU.Build.0 = Release|Any CPU
		{C4F66818-74C1-4A77-A7BF-2362E47231CE}.Debug|Any CPU.ActiveCfg = Debug|Any CPU
		{C4F66818-74C1-4A77-A7BF-2362E47231CE}.Debug|Any CPU.Build.0 = Debug|Any CPU
		{C4F66818-74C1-4A77-A7BF-2362E47231CE}.Release|Any CPU.ActiveCfg = Release|Any CPU
		{C4F66818-74C1-4A77-A7BF-2362E47231CE}.Release|Any CPU.Build.0 = Release|Any CPU
		{D89986A1-2C29-4A74-A993-5019CC483BB2}.Debug|Any CPU.ActiveCfg = Debug|Any CPU
		{D89986A1-2C29-4A74-A993-5019CC483BB2}.Debug|Any CPU.Build.0 = Debug|Any CPU
		{D89986A1-2C29-4A74-A993-5019CC483BB2}.Release|Any CPU.ActiveCfg = Release|Any CPU
		{D89986A1-2C29-4A74-A993-5019CC483BB2}.Release|Any CPU.Build.0 = Release|Any CPU
		{C7BFF028-511C-431E-9BA0-7862BA62A3FF}.Debug|Any CPU.ActiveCfg = Debug|Any CPU
		{C7BFF028-511C-431E-9BA0-7862BA62A3FF}.Debug|Any CPU.Build.0 = Debug|Any CPU
		{C7BFF028-511C-431E-9BA0-7862BA62A3FF}.Release|Any CPU.ActiveCfg = Release|Any CPU
		{C7BFF028-511C-431E-9BA0-7862BA62A3FF}.Release|Any CPU.Build.0 = Release|Any CPU
		{C5AC2570-A9CC-4A32-B232-ABAD76C2B4C2}.Debug|Any CPU.ActiveCfg = Debug|Any CPU
		{C5AC2570-A9CC-4A32-B232-ABAD76C2B4C2}.Debug|Any CPU.Build.0 = Debug|Any CPU
		{C5AC2570-A9CC-4A32-B232-ABAD76C2B4C2}.Release|Any CPU.ActiveCfg = Release|Any CPU
		{C5AC2570-A9CC-4A32-B232-ABAD76C2B4C2}.Release|Any CPU.Build.0 = Release|Any CPU
		{1B2E5D58-A9D4-42D3-807E-FF15AA423023}.Debug|Any CPU.ActiveCfg = Debug|Any CPU
		{1B2E5D58-A9D4-42D3-807E-FF15AA423023}.Debug|Any CPU.Build.0 = Debug|Any CPU
		{1B2E5D58-A9D4-42D3-807E-FF15AA423023}.Debug|Any CPU.Deploy.0 = Debug|Any CPU
		{1B2E5D58-A9D4-42D3-807E-FF15AA423023}.Release|Any CPU.ActiveCfg = Release|Any CPU
		{1B2E5D58-A9D4-42D3-807E-FF15AA423023}.Release|Any CPU.Build.0 = Release|Any CPU
		{1B2E5D58-A9D4-42D3-807E-FF15AA423023}.Release|Any CPU.Deploy.0 = Release|Any CPU
		{E3631808-ADC9-4C33-A447-8C49193308A5}.Debug|Any CPU.ActiveCfg = Debug|Any CPU
		{E3631808-ADC9-4C33-A447-8C49193308A5}.Debug|Any CPU.Build.0 = Debug|Any CPU
		{E3631808-ADC9-4C33-A447-8C49193308A5}.Release|Any CPU.ActiveCfg = Release|Any CPU
		{E3631808-ADC9-4C33-A447-8C49193308A5}.Release|Any CPU.Build.0 = Release|Any CPU
		{1465E845-D71D-4469-974E-7AB1DD4A56FE}.Debug|Any CPU.ActiveCfg = Debug|Any CPU
		{1465E845-D71D-4469-974E-7AB1DD4A56FE}.Debug|Any CPU.Build.0 = Debug|Any CPU
		{1465E845-D71D-4469-974E-7AB1DD4A56FE}.Release|Any CPU.ActiveCfg = Release|Any CPU
		{1465E845-D71D-4469-974E-7AB1DD4A56FE}.Release|Any CPU.Build.0 = Release|Any CPU
		{CFF52C94-374D-461F-8FC0-7B9F94F50ECB}.Debug|Any CPU.ActiveCfg = Debug|Any CPU
		{CFF52C94-374D-461F-8FC0-7B9F94F50ECB}.Debug|Any CPU.Build.0 = Debug|Any CPU
		{CFF52C94-374D-461F-8FC0-7B9F94F50ECB}.Release|Any CPU.ActiveCfg = Release|Any CPU
		{CFF52C94-374D-461F-8FC0-7B9F94F50ECB}.Release|Any CPU.Build.0 = Release|Any CPU
		{2C1F56B3-3098-4DBD-BF67-3CE1A4AEBFAB}.Debug|Any CPU.ActiveCfg = Debug|Any CPU
		{2C1F56B3-3098-4DBD-BF67-3CE1A4AEBFAB}.Debug|Any CPU.Build.0 = Debug|Any CPU
		{2C1F56B3-3098-4DBD-BF67-3CE1A4AEBFAB}.Release|Any CPU.ActiveCfg = Release|Any CPU
		{2C1F56B3-3098-4DBD-BF67-3CE1A4AEBFAB}.Release|Any CPU.Build.0 = Release|Any CPU
	EndGlobalSection
	GlobalSection(SolutionProperties) = preSolution
		HideSolutionNode = FALSE
	EndGlobalSection
	GlobalSection(NestedProjects) = preSolution
		{AB54D085-A223-42BE-8A26-7C187304FC6B} = {C672ECB5-CA7E-435F-920C-C2A32E956FEC}
		{191C65CB-70E4-4F35-A262-78CD62C66425} = {13BB079E-3BDA-4FB1-B7D9-67B8FEDE4924}
		{00A16122-DDCA-4349-AFFC-2946AF343095} = {13BB079E-3BDA-4FB1-B7D9-67B8FEDE4924}
		{B0026137-68D2-4365-BFFA-39218E0C7CD0} = {B2D8AEA5-D099-4530-B609-07CE2DFF4FF6}
		{C4F66818-74C1-4A77-A7BF-2362E47231CE} = {B2D8AEA5-D099-4530-B609-07CE2DFF4FF6}
		{D89986A1-2C29-4A74-A993-5019CC483BB2} = {B2D8AEA5-D099-4530-B609-07CE2DFF4FF6}
		{C7BFF028-511C-431E-9BA0-7862BA62A3FF} = {B2D8AEA5-D099-4530-B609-07CE2DFF4FF6}
		{C5AC2570-A9CC-4A32-B232-ABAD76C2B4C2} = {B2D8AEA5-D099-4530-B609-07CE2DFF4FF6}
		{1B2E5D58-A9D4-42D3-807E-FF15AA423023} = {F27E9882-6363-4FC3-83DD-6814B7872CE3}
		{E3631808-ADC9-4C33-A447-8C49193308A5} = {2AB8AB2E-C23E-4235-A016-238EA336164A}
		{1465E845-D71D-4469-974E-7AB1DD4A56FE} = {B2D8AEA5-D099-4530-B609-07CE2DFF4FF6}
		{CFF52C94-374D-461F-8FC0-7B9F94F50ECB} = {13BB079E-3BDA-4FB1-B7D9-67B8FEDE4924}
		{2C1F56B3-3098-4DBD-BF67-3CE1A4AEBFAB} = {B2D8AEA5-D099-4530-B609-07CE2DFF4FF6}
	EndGlobalSection
	GlobalSection(ExtensibilityGlobals) = postSolution
		SolutionGuid = {F185DDE8-B6B9-428C-A122-319730028EB9}
	EndGlobalSection
EndGlobal
