
Microsoft Visual Studio Solution File, Format Version 12.00
# Visual Studio 15
VisualStudioVersion = 15.0.27130.2036
MinimumVisualStudioVersion = 10.0.40219.1
Project("{2150E333-8FDC-42A3-9474-1A3956D46DE8}") = "1. Aplicacao", "1. Aplicacao", "{7754A6BF-EE24-468E-9A6C-018348AD8962}"
EndProject
Project("{2150E333-8FDC-42A3-9474-1A3956D46DE8}") = "2. Dominio", "2. Dominio", "{35B2C3D8-A2D8-4F4C-9760-D545D456CE00}"
EndProject
Project("{2150E333-8FDC-42A3-9474-1A3956D46DE8}") = "3. Infra", "3. Infra", "{275679A4-BF3B-47B6-8F0E-8A5B4ECBEA53}"
EndProject
Project("{FAE04EC0-301F-11D3-BF4B-00C04F79EFBC}") = "ORM01.Aplicacao", "ORM01.Aplicacao\ORM01.Aplicacao.csproj", "{66B13090-CAA9-4D2A-9CE5-700032A6E07F}"
EndProject
Project("{FAE04EC0-301F-11D3-BF4B-00C04F79EFBC}") = "ORM01.Dominio", "ORM01.Dominio\ORM01.Dominio.csproj", "{BBE840C5-FCEE-4505-968D-98722C5E20C7}"
EndProject
Project("{FAE04EC0-301F-11D3-BF4B-00C04F79EFBC}") = "ORM01.Infra", "ORM01.Infra\ORM01.Infra.csproj", "{2E0EA00B-4B55-4614-922B-4265FF60F378}"
EndProject
Project("{FAE04EC0-301F-11D3-BF4B-00C04F79EFBC}") = "ORM01.Infra.Data", "ORM01.Infra.Data\ORM01.Infra.Data.csproj", "{6E533184-BBE3-424E-AF43-F53BEBFE5699}"
EndProject
Project("{2150E333-8FDC-42A3-9474-1A3956D46DE8}") = "4.Testes", "4.Testes", "{5CEBB92F-19D1-4D4A-ACF6-51398BFA7947}"
EndProject
Project("{FAE04EC0-301F-11D3-BF4B-00C04F79EFBC}") = "ORM01.Aplicacao.Testes", "ORM01.Aplicacao.Testes\ORM01.Aplicacao.Testes.csproj", "{CA113DF4-9431-44BF-94CC-409A4DC2936E}"
EndProject
Project("{FAE04EC0-301F-11D3-BF4B-00C04F79EFBC}") = "ORM01.Dominio.Testes", "ORM01.Dominio.Testes\ORM01.Dominio.Testes.csproj", "{C5456CC7-CFCD-49D6-8D34-14B27D509EA0}"
EndProject
Project("{FAE04EC0-301F-11D3-BF4B-00C04F79EFBC}") = "ORM01.Comum.Testes", "ORM01.Comum.Testes\ORM01.Comum.Testes.csproj", "{E3EEF687-22E5-4BAE-8659-C586ECC134F0}"
EndProject
Project("{FAE04EC0-301F-11D3-BF4B-00C04F79EFBC}") = "ORM01.Infra.Data.Testes", "ORM01.Infra.Data.Testes\ORM01.Infra.Data.Testes.csproj", "{BC45D477-C088-4E74-A0A1-7ACBA4A0A5A3}"
EndProject
Project("{FAE04EC0-301F-11D3-BF4B-00C04F79EFBC}") = "ORM01.Integration.Testes", "ORM01.Integration.Testes\ORM01.Integration.Testes.csproj", "{F7C14BE3-3C81-4DB7-A9FB-2CDEAB41EC9A}"
EndProject
Global
	GlobalSection(SolutionConfigurationPlatforms) = preSolution
		Debug|Any CPU = Debug|Any CPU
		Release|Any CPU = Release|Any CPU
	EndGlobalSection
	GlobalSection(ProjectConfigurationPlatforms) = postSolution
		{66B13090-CAA9-4D2A-9CE5-700032A6E07F}.Debug|Any CPU.ActiveCfg = Debug|Any CPU
		{66B13090-CAA9-4D2A-9CE5-700032A6E07F}.Debug|Any CPU.Build.0 = Debug|Any CPU
		{66B13090-CAA9-4D2A-9CE5-700032A6E07F}.Release|Any CPU.ActiveCfg = Release|Any CPU
		{66B13090-CAA9-4D2A-9CE5-700032A6E07F}.Release|Any CPU.Build.0 = Release|Any CPU
		{BBE840C5-FCEE-4505-968D-98722C5E20C7}.Debug|Any CPU.ActiveCfg = Debug|Any CPU
		{BBE840C5-FCEE-4505-968D-98722C5E20C7}.Debug|Any CPU.Build.0 = Debug|Any CPU
		{BBE840C5-FCEE-4505-968D-98722C5E20C7}.Release|Any CPU.ActiveCfg = Release|Any CPU
		{BBE840C5-FCEE-4505-968D-98722C5E20C7}.Release|Any CPU.Build.0 = Release|Any CPU
		{2E0EA00B-4B55-4614-922B-4265FF60F378}.Debug|Any CPU.ActiveCfg = Debug|Any CPU
		{2E0EA00B-4B55-4614-922B-4265FF60F378}.Debug|Any CPU.Build.0 = Debug|Any CPU
		{2E0EA00B-4B55-4614-922B-4265FF60F378}.Release|Any CPU.ActiveCfg = Release|Any CPU
		{2E0EA00B-4B55-4614-922B-4265FF60F378}.Release|Any CPU.Build.0 = Release|Any CPU
		{6E533184-BBE3-424E-AF43-F53BEBFE5699}.Debug|Any CPU.ActiveCfg = Debug|Any CPU
		{6E533184-BBE3-424E-AF43-F53BEBFE5699}.Debug|Any CPU.Build.0 = Debug|Any CPU
		{6E533184-BBE3-424E-AF43-F53BEBFE5699}.Release|Any CPU.ActiveCfg = Release|Any CPU
		{6E533184-BBE3-424E-AF43-F53BEBFE5699}.Release|Any CPU.Build.0 = Release|Any CPU
		{CA113DF4-9431-44BF-94CC-409A4DC2936E}.Debug|Any CPU.ActiveCfg = Debug|Any CPU
		{CA113DF4-9431-44BF-94CC-409A4DC2936E}.Debug|Any CPU.Build.0 = Debug|Any CPU
		{CA113DF4-9431-44BF-94CC-409A4DC2936E}.Release|Any CPU.ActiveCfg = Release|Any CPU
		{CA113DF4-9431-44BF-94CC-409A4DC2936E}.Release|Any CPU.Build.0 = Release|Any CPU
		{C5456CC7-CFCD-49D6-8D34-14B27D509EA0}.Debug|Any CPU.ActiveCfg = Debug|Any CPU
		{C5456CC7-CFCD-49D6-8D34-14B27D509EA0}.Debug|Any CPU.Build.0 = Debug|Any CPU
		{C5456CC7-CFCD-49D6-8D34-14B27D509EA0}.Release|Any CPU.ActiveCfg = Release|Any CPU
		{C5456CC7-CFCD-49D6-8D34-14B27D509EA0}.Release|Any CPU.Build.0 = Release|Any CPU
		{E3EEF687-22E5-4BAE-8659-C586ECC134F0}.Debug|Any CPU.ActiveCfg = Debug|Any CPU
		{E3EEF687-22E5-4BAE-8659-C586ECC134F0}.Debug|Any CPU.Build.0 = Debug|Any CPU
		{E3EEF687-22E5-4BAE-8659-C586ECC134F0}.Release|Any CPU.ActiveCfg = Release|Any CPU
		{E3EEF687-22E5-4BAE-8659-C586ECC134F0}.Release|Any CPU.Build.0 = Release|Any CPU
		{BC45D477-C088-4E74-A0A1-7ACBA4A0A5A3}.Debug|Any CPU.ActiveCfg = Debug|Any CPU
		{BC45D477-C088-4E74-A0A1-7ACBA4A0A5A3}.Debug|Any CPU.Build.0 = Debug|Any CPU
		{BC45D477-C088-4E74-A0A1-7ACBA4A0A5A3}.Release|Any CPU.ActiveCfg = Release|Any CPU
		{BC45D477-C088-4E74-A0A1-7ACBA4A0A5A3}.Release|Any CPU.Build.0 = Release|Any CPU
		{F7C14BE3-3C81-4DB7-A9FB-2CDEAB41EC9A}.Debug|Any CPU.ActiveCfg = Debug|Any CPU
		{F7C14BE3-3C81-4DB7-A9FB-2CDEAB41EC9A}.Debug|Any CPU.Build.0 = Debug|Any CPU
		{F7C14BE3-3C81-4DB7-A9FB-2CDEAB41EC9A}.Release|Any CPU.ActiveCfg = Release|Any CPU
		{F7C14BE3-3C81-4DB7-A9FB-2CDEAB41EC9A}.Release|Any CPU.Build.0 = Release|Any CPU
	EndGlobalSection
	GlobalSection(SolutionProperties) = preSolution
		HideSolutionNode = FALSE
	EndGlobalSection
	GlobalSection(NestedProjects) = preSolution
		{66B13090-CAA9-4D2A-9CE5-700032A6E07F} = {7754A6BF-EE24-468E-9A6C-018348AD8962}
		{BBE840C5-FCEE-4505-968D-98722C5E20C7} = {35B2C3D8-A2D8-4F4C-9760-D545D456CE00}
		{2E0EA00B-4B55-4614-922B-4265FF60F378} = {275679A4-BF3B-47B6-8F0E-8A5B4ECBEA53}
		{6E533184-BBE3-424E-AF43-F53BEBFE5699} = {275679A4-BF3B-47B6-8F0E-8A5B4ECBEA53}
		{CA113DF4-9431-44BF-94CC-409A4DC2936E} = {5CEBB92F-19D1-4D4A-ACF6-51398BFA7947}
		{C5456CC7-CFCD-49D6-8D34-14B27D509EA0} = {5CEBB92F-19D1-4D4A-ACF6-51398BFA7947}
		{E3EEF687-22E5-4BAE-8659-C586ECC134F0} = {5CEBB92F-19D1-4D4A-ACF6-51398BFA7947}
		{BC45D477-C088-4E74-A0A1-7ACBA4A0A5A3} = {5CEBB92F-19D1-4D4A-ACF6-51398BFA7947}
		{F7C14BE3-3C81-4DB7-A9FB-2CDEAB41EC9A} = {5CEBB92F-19D1-4D4A-ACF6-51398BFA7947}
	EndGlobalSection
	GlobalSection(ExtensibilityGlobals) = postSolution
		SolutionGuid = {8DE6EBCC-EB5F-49A5-86E9-F57EA2E33E8B}
	EndGlobalSection
EndGlobal
